
Microsoft Visual Studio Solution File, Format Version 12.00
# Visual Studio Version 17
VisualStudioVersion = 17.1.32319.34
MinimumVisualStudioVersion = 10.0.40219.1
Project("{FAE04EC0-301F-11D3-BF4B-00C04F79EFBC}") = "UC", "UC\UC.csproj", "{35CA0C8A-2348-47C5-944B-F28EA5F92172}"
EndProject
Global
	GlobalSection(SolutionConfigurationPlatforms) = preSolution
		Debug|Any CPU = Debug|Any CPU
		Release|Any CPU = Release|Any CPU
	EndGlobalSection
	GlobalSection(ProjectConfigurationPlatforms) = postSolution
		{35CA0C8A-2348-47C5-944B-F28EA5F92172}.Debug|Any CPU.ActiveCfg = Debug|Any CPU
		{35CA0C8A-2348-47C5-944B-F28EA5F92172}.Debug|Any CPU.Build.0 = Debug|Any CPU
		{35CA0C8A-2348-47C5-944B-F28EA5F92172}.Release|Any CPU.ActiveCfg = Release|Any CPU
		{35CA0C8A-2348-47C5-944B-F28EA5F92172}.Release|Any CPU.Build.0 = Release|Any CPU
	EndGlobalSection
	GlobalSection(SolutionProperties) = preSolution
		HideSolutionNode = FALSE
	EndGlobalSection
	GlobalSection(ExtensibilityGlobals) = postSolution
		SolutionGuid = {E67A8679-E5A2-44FE-AE45-3D732FCB5A50}
	EndGlobalSection
EndGlobal
